{
  "name": "Project-AF",
  "version": "1.0.0",
  "lockfileVersion": 1,
  "requires": true,
  "dependencies": {
    "@babel/runtime": {
      "version": "7.3.1",
      "resolved": "https://registry.npmjs.org/@babel/runtime/-/runtime-7.3.1.tgz",
      "integrity": "sha512-7jGW8ppV0ant637pIqAcFfQDDH1orEPGJb8aXfUozuCU3QqX7rX4DA8iwrbPrR1hcH0FTTHz47yQnk+bl5xHQA==",
      "requires": {
        "regenerator-runtime": "^0.12.0"
      }
    },
    "async": {
      "version": "2.6.2",
      "resolved": "https://registry.npmjs.org/async/-/async-2.6.2.tgz",
      "integrity": "sha512-H1qVYh1MYhEEFLsP97cVKqCGo7KfCyTt6uEWqsTBr9SO84oK9Uwbyd/yCW+6rKJLHksBNUVWZDAjfS+Ccx0Bbg==",
      "requires": {
        "lodash": "^4.17.11"
      }
    },
    "balanced-match": {
      "version": "1.0.0",
      "resolved": "https://registry.npmjs.org/balanced-match/-/balanced-match-1.0.0.tgz",
      "integrity": "sha1-ibTRmasr7kneFk6gK4nORi1xt2c="
    },
    "brace-expansion": {
      "version": "1.1.11",
      "resolved": "https://registry.npmjs.org/brace-expansion/-/brace-expansion-1.1.11.tgz",
      "integrity": "sha512-iCuPHDFgrHX7H2vEI/5xpz07zSHB00TpugqhmYtVmMO6518mCuRMoOYFldEBl0g187ufozdaHgWKcYFb61qGiA==",
      "requires": {
        "balanced-match": "^1.0.0",
        "concat-map": "0.0.1"
      }
    },
    "broker-factory": {
      "version": "2.0.12",
      "resolved": "https://registry.npmjs.org/broker-factory/-/broker-factory-2.0.12.tgz",
      "integrity": "sha512-3mt+/7bc1dQfRkEhq/wU9pBJG4Q4Vczk8KfV0j/qemL9gvwM6O38LknbAexYg0oMBNxWnCD8WVZytrK2KZU6gA==",
      "requires": {
        "@babel/runtime": "^7.3.1",
        "fast-unique-numbers": "^3.0.6",
        "tslib": "^1.9.3",
        "worker-factory": "^4.1.9"
      }
    },
    "compilerr": {
      "version": "6.0.9",
      "resolved": "https://registry.npmjs.org/compilerr/-/compilerr-6.0.9.tgz",
      "integrity": "sha512-SkQSb4olTxN28xPA3w31N8Im92OPaOkohUa/TfjSQyQKAic22Lka8/YPwNDU60pgGmB+qn4M6GvuSRn3ylNZhA==",
      "requires": {
        "@babel/runtime": "^7.3.1",
        "dashify": "^2.0.0",
        "indefinite-article": "0.0.2",
        "tslib": "^1.9.3"
      }
    },
    "concat-map": {
      "version": "0.0.1",
      "resolved": "https://registry.npmjs.org/concat-map/-/concat-map-0.0.1.tgz",
      "integrity": "sha1-2Klr13/Wjfd5OnMDajug1UBdR3s="
    },
    "dashify": {
      "version": "2.0.0",
      "resolved": "https://registry.npmjs.org/dashify/-/dashify-2.0.0.tgz",
      "integrity": "sha512-hpA5C/YrPjucXypHPPc0oJ1l9Hf6wWbiOL7Ik42cxnsUOhWiCB/fylKbKqqJalW9FgkNQCw16YO8uW9Hs0Iy1A=="
    },
    "fast-unique-numbers": {
      "version": "3.0.6",
      "resolved": "https://registry.npmjs.org/fast-unique-numbers/-/fast-unique-numbers-3.0.6.tgz",
      "integrity": "sha512-Wg8uNd4jxEbqIoLEpf90h3z50QWULNV7rgEymFnOAerTe34lj+CwVayWtS4tLS2FZA4Lqd4iZaxCERlITc41Vw==",
      "requires": {
        "@babel/runtime": "^7.3.1",
        "tslib": "^1.9.3"
      }
    },
    "indefinite-article": {
      "version": "0.0.2",
      "resolved": "https://registry.npmjs.org/indefinite-article/-/indefinite-article-0.0.2.tgz",
      "integrity": "sha1-S8hVJXBmz6th6mi+unXRANbiUGs="
    },
    "jsmidgen": {
      "version": "0.1.5",
      "resolved": "https://registry.npmjs.org/jsmidgen/-/jsmidgen-0.1.5.tgz",
      "integrity": "sha1-rQr9Y3XrEvUQZAJTk847rsOAWF0="
    },
    "lodash": {
      "version": "4.17.11",
      "resolved": "https://registry.npmjs.org/lodash/-/lodash-4.17.11.tgz",
      "integrity": "sha512-cQKh8igo5QUhZ7lg38DYWAxMvjSAKG0A8wGSVimP07SIUEK2UO+arSRKbRZWtelMtN5V0Hkwh5ryOto/SshYIg=="
    },
    "midi-converter": {
      "version": "0.1.5",
      "resolved": "https://registry.npmjs.org/midi-converter/-/midi-converter-0.1.5.tgz",
      "integrity": "sha1-CozG0IH/7k7I9aG5Cb73xdLFBsQ=",
      "requires": {
        "jsmidgen": "*",
        "midi-file-parser": "*"
      }
    },
    "midi-file-parser": {
      "version": "1.0.0",
      "resolved": "https://registry.npmjs.org/midi-file-parser/-/midi-file-parser-1.0.0.tgz",
      "integrity": "sha1-F1oBPyd+nSas+Uz+bAOxOrsKHp4="
    },
    "midi-json-parser": {
      "version": "6.0.18",
      "resolved": "https://registry.npmjs.org/midi-json-parser/-/midi-json-parser-6.0.18.tgz",
      "integrity": "sha512-a2tZJmrjdwQA7Jtr/MF46Kncu87wvMNIWOrrd0LHMutFX4+zNP8PAeqVvylPgN8yAupk5w2N+byYGSZDUQCYwQ==",
      "requires": {
        "@babel/runtime": "^7.3.1",
        "midi-json-parser-broker": "^3.0.12",
        "midi-json-parser-worker": "^6.0.11",
        "tslib": "^1.9.3"
      }
    },
    "midi-json-parser-broker": {
      "version": "3.0.12",
      "resolved": "https://registry.npmjs.org/midi-json-parser-broker/-/midi-json-parser-broker-3.0.12.tgz",
      "integrity": "sha512-BbRDeEcRpmmhl5ftWuvtNCJm+lZm5VriaoZ6yzTpqiY2+1QEO47c4k38Ku62im6DdSMroL05idc/Lxyqy5zELQ==",
      "requires": {
        "@babel/runtime": "^7.3.1",
        "broker-factory": "^2.0.12",
        "midi-json-parser-worker": "^6.0.11",
        "tslib": "^1.9.3"
      }
    },
    "midi-json-parser-worker": {
      "version": "6.0.11",
      "resolved": "https://registry.npmjs.org/midi-json-parser-worker/-/midi-json-parser-worker-6.0.11.tgz",
      "integrity": "sha512-tBqSih0sfuNUAhckPqU1AEnLxp1Pa22RJV9IqV70gpGvRtx4rmv5vlddpDLdgshaCdM5WiTf/hhYHmFWgHS8OQ==",
      "requires": {
        "@babel/runtime": "^7.3.1",
        "tslib": "^1.9.3",
        "worker-factory": "^4.1.9"
      }
    },
    "midievents": {
      "version": "2.0.0",
      "resolved": "https://registry.npmjs.org/midievents/-/midievents-2.0.0.tgz",
      "integrity": "sha512-8ABFjr+IKj1ZMAERj0jo99v/ifXU6kCbx9QKj4lM5GccaU81FPk+OVgt3FptGF9zcEsGJY74pl6juRkXDQJs+A=="
    },
    "midifile": {
      "version": "2.0.0",
      "resolved": "https://registry.npmjs.org/midifile/-/midifile-2.0.0.tgz",
      "integrity": "sha512-JQw8RzJ3auOKR/fWIgt6gqKXKrPdq/AZjToQroqTjL0heBa7Ra0EvzRf/y/RDAC/UGMs6eIwB7jLS3nc9DHxZQ==",
      "requires": {
        "midievents": "^2.0.0",
        "utf-8": "^2.0.0"
      }
    },
    "minimatch": {
      "version": "3.0.4",
      "resolved": "https://registry.npmjs.org/minimatch/-/minimatch-3.0.4.tgz",
      "integrity": "sha512-yJHVQEhyqPLUTgt9B83PXu6W3rx4MvvHvSUvToogpwoGDOUQ+yDrR0HRot+yOCdCO7u4hX3pWft6kWBBcqh0UA==",
      "requires": {
        "brace-expansion": "^1.1.7"
      }
    },
    "node-dir": {
      "version": "0.1.17",
      "resolved": "https://registry.npmjs.org/node-dir/-/node-dir-0.1.17.tgz",
      "integrity": "sha1-X1Zl2TNRM1yqvvjxxVRRbPXx5OU=",
      "requires": {
        "minimatch": "^3.0.2"
      }
    },
    "regenerator-runtime": {
      "version": "0.12.1",
      "resolved": "https://registry.npmjs.org/regenerator-runtime/-/regenerator-runtime-0.12.1.tgz",
      "integrity": "sha512-odxIc1/vDlo4iZcfXqRYFj0vpXFNoGdKMAUieAlFYO6m/nl5e9KR/beGf41z4a1FI+aQgtjhuaSlDxQ0hmkrHg=="
    },
    "tslib": {
      "version": "1.9.3",
      "resolved": "https://registry.npmjs.org/tslib/-/tslib-1.9.3.tgz",
      "integrity": "sha512-4krF8scpejhaOgqzBEcGM7yDIEfi0/8+8zDRZhNZZ2kjmHJ4hv3zCbQWxoJGz1iw5U0Jl0nma13xzHXcncMavQ=="
    },
    "utf-8": {
      "version": "2.0.0",
      "resolved": "https://registry.npmjs.org/utf-8/-/utf-8-2.0.0.tgz",
      "integrity": "sha512-DItg/Z20ltBzugPrb8Mx1oN0F8CqN5bD38T57YM/pF/GOzUsNVXiellI0PbJPq3e1Z7BEDNoWP1H1+4n7g54Cg=="
    },
    "worker-factory": {
      "version": "4.1.9",
      "resolved": "https://registry.npmjs.org/worker-factory/-/worker-factory-4.1.9.tgz",
      "integrity": "sha512-KyY/Gr6lrsVP8vFCe3InkQhFOYOBVudObkF971Z9CP/SzYcOiM/OJVz+mR66EH8nNzvMHYsFAN1hMPuM2PPn/w==",
      "requires": {
        "@babel/runtime": "^7.3.1",
        "compilerr": "^6.0.9",
        "fast-unique-numbers": "^3.0.6",
        "tslib": "^1.9.3"
      }
    }
  }
}
